
Microsoft Visual Studio Solution File, Format Version 12.00
# Visual Studio 15
Project("{FAE04EC0-301F-11D3-BF4B-00C04F79EFBC}") = "Assembly-CSharp", "Assembly-CSharp.csproj", "{CBFACBBC-E615-F3CF-FAE0-58BF238D38C6}"
EndProject
Project("{FAE04EC0-301F-11D3-BF4B-00C04F79EFBC}") = "Assembly-CSharp-Editor", "Assembly-CSharp-Editor.csproj", "{C1E08618-57A0-D5BC-5083-151843304F73}"
EndProject
Global
	GlobalSection(SolutionConfigurationPlatforms) = preSolution
		Debug|Any CPU = Debug|Any CPU
		Release|Any CPU = Release|Any CPU
	EndGlobalSection
	GlobalSection(ProjectConfigurationPlatforms) = postSolution
		{CBFACBBC-E615-F3CF-FAE0-58BF238D38C6}.Debug|Any CPU.ActiveCfg = Debug|Any CPU
		{CBFACBBC-E615-F3CF-FAE0-58BF238D38C6}.Debug|Any CPU.Build.0 = Debug|Any CPU
		{CBFACBBC-E615-F3CF-FAE0-58BF238D38C6}.Release|Any CPU.ActiveCfg = Release|Any CPU
		{CBFACBBC-E615-F3CF-FAE0-58BF238D38C6}.Release|Any CPU.Build.0 = Release|Any CPU
		{C1E08618-57A0-D5BC-5083-151843304F73}.Debug|Any CPU.ActiveCfg = Debug|Any CPU
		{C1E08618-57A0-D5BC-5083-151843304F73}.Debug|Any CPU.Build.0 = Debug|Any CPU
		{C1E08618-57A0-D5BC-5083-151843304F73}.Release|Any CPU.ActiveCfg = Release|Any CPU
		{C1E08618-57A0-D5BC-5083-151843304F73}.Release|Any CPU.Build.0 = Release|Any CPU
	EndGlobalSection
	GlobalSection(SolutionProperties) = preSolution
		HideSolutionNode = FALSE
	EndGlobalSection
EndGlobal
